// !$*UTF8*$!
{
	archiveVersion = 1;
	classes = {
	};
	objectVersion = 48;
	objects = {

/* Begin PBXBuildFile section */
		846CDFAE20608FBB00EF5BCD /* AppDelegate.m in Sources */ = {isa = PBXBuildFile; fileRef = 846CDFAD20608FBB00EF5BCD /* AppDelegate.m */; };
		846CDFB120608FBB00EF5BCD /* ViewController.m in Sources */ = {isa = PBXBuildFile; fileRef = 846CDFB020608FBB00EF5BCD /* ViewController.m */; };
		846CDFB420608FBB00EF5BCD /* Main.storyboard in Resources */ = {isa = PBXBuildFile; fileRef = 846CDFB220608FBB00EF5BCD /* Main.storyboard */; };
		846CDFB620608FBB00EF5BCD /* Assets.xcassets in Resources */ = {isa = PBXBuildFile; fileRef = 846CDFB520608FBB00EF5BCD /* Assets.xcassets */; };
		846CDFB920608FBB00EF5BCD /* LaunchScreen.storyboard in Resources */ = {isa = PBXBuildFile; fileRef = 846CDFB720608FBB00EF5BCD /* LaunchScreen.storyboard */; };
		846CDFBC20608FBB00EF5BCD /* main.m in Sources */ = {isa = PBXBuildFile; fileRef = 846CDFBB20608FBB00EF5BCD /* main.m */; };
		846CDFC620608FBB00EF5BCD /* XZTextViewTests.m in Sources */ = {isa = PBXBuildFile; fileRef = 846CDFC520608FBB00EF5BCD /* XZTextViewTests.m */; };
		846CDFD22060906100EF5BCD /* XZEditTemplateItem.m in Sources */ = {isa = PBXBuildFile; fileRef = 846CDFD02060906100EF5BCD /* XZEditTemplateItem.m */; };
		846CDFD32060906100EF5BCD /* XZEditTemplateItem.m in Sources */ = {isa = PBXBuildFile; fileRef = 846CDFD02060906100EF5BCD /* XZEditTemplateItem.m */; };
		846CDFD62060906C00EF5BCD /* XZEditTemplateModel.m in Sources */ = {isa = PBXBuildFile; fileRef = 846CDFD52060906C00EF5BCD /* XZEditTemplateModel.m */; };
		846CDFD72060906C00EF5BCD /* XZEditTemplateModel.m in Sources */ = {isa = PBXBuildFile; fileRef = 846CDFD52060906C00EF5BCD /* XZEditTemplateModel.m */; };
		846CDFDA2060908A00EF5BCD /* NSMutableAttributedString+XZExtension.m in Sources */ = {isa = PBXBuildFile; fileRef = 846CDFD82060908A00EF5BCD /* NSMutableAttributedString+XZExtension.m */; };
		846CDFDB2060908A00EF5BCD /* NSMutableAttributedString+XZExtension.m in Sources */ = {isa = PBXBuildFile; fileRef = 846CDFD82060908A00EF5BCD /* NSMutableAttributedString+XZExtension.m */; };
		846CDFDE2060970E00EF5BCD /* UIKit.framework in Frameworks */ = {isa = PBXBuildFile; fileRef = 846CDFDD2060970E00EF5BCD /* UIKit.framework */; };
		846CDFF92060982600EF5BCD /* MASCompositeConstraint.m in Sources */ = {isa = PBXBuildFile; fileRef = 846CDFE12060982600EF5BCD /* MASCompositeConstraint.m */; };
		846CDFFA2060982600EF5BCD /* MASCompositeConstraint.m in Sources */ = {isa = PBXBuildFile; fileRef = 846CDFE12060982600EF5BCD /* MASCompositeConstraint.m */; };
		846CDFFB2060982600EF5BCD /* MASConstraint.m in Sources */ = {isa = PBXBuildFile; fileRef = 846CDFE42060982600EF5BCD /* MASConstraint.m */; };
		846CDFFC2060982600EF5BCD /* MASConstraint.m in Sources */ = {isa = PBXBuildFile; fileRef = 846CDFE42060982600EF5BCD /* MASConstraint.m */; };
		846CDFFD2060982600EF5BCD /* MASConstraintMaker.m in Sources */ = {isa = PBXBuildFile; fileRef = 846CDFE62060982600EF5BCD /* MASConstraintMaker.m */; };
		846CDFFE2060982600EF5BCD /* MASConstraintMaker.m in Sources */ = {isa = PBXBuildFile; fileRef = 846CDFE62060982600EF5BCD /* MASConstraintMaker.m */; };
		846CDFFF2060982600EF5BCD /* MASLayoutConstraint.m in Sources */ = {isa = PBXBuildFile; fileRef = 846CDFE82060982600EF5BCD /* MASLayoutConstraint.m */; };
		846CE0002060982600EF5BCD /* MASLayoutConstraint.m in Sources */ = {isa = PBXBuildFile; fileRef = 846CDFE82060982600EF5BCD /* MASLayoutConstraint.m */; };
		846CE0012060982600EF5BCD /* MASViewAttribute.m in Sources */ = {isa = PBXBuildFile; fileRef = 846CDFEC2060982600EF5BCD /* MASViewAttribute.m */; };
		846CE0022060982600EF5BCD /* MASViewAttribute.m in Sources */ = {isa = PBXBuildFile; fileRef = 846CDFEC2060982600EF5BCD /* MASViewAttribute.m */; };
		846CE0032060982600EF5BCD /* MASViewConstraint.m in Sources */ = {isa = PBXBuildFile; fileRef = 846CDFEE2060982600EF5BCD /* MASViewConstraint.m */; };
		846CE0042060982600EF5BCD /* MASViewConstraint.m in Sources */ = {isa = PBXBuildFile; fileRef = 846CDFEE2060982600EF5BCD /* MASViewConstraint.m */; };
		846CE0052060982600EF5BCD /* NSArray+MASAdditions.m in Sources */ = {isa = PBXBuildFile; fileRef = 846CDFF02060982600EF5BCD /* NSArray+MASAdditions.m */; };
		846CE0062060982600EF5BCD /* NSArray+MASAdditions.m in Sources */ = {isa = PBXBuildFile; fileRef = 846CDFF02060982600EF5BCD /* NSArray+MASAdditions.m */; };
		846CE0072060982600EF5BCD /* NSLayoutConstraint+MASDebugAdditions.m in Sources */ = {isa = PBXBuildFile; fileRef = 846CDFF32060982600EF5BCD /* NSLayoutConstraint+MASDebugAdditions.m */; };
		846CE0082060982600EF5BCD /* NSLayoutConstraint+MASDebugAdditions.m in Sources */ = {isa = PBXBuildFile; fileRef = 846CDFF32060982600EF5BCD /* NSLayoutConstraint+MASDebugAdditions.m */; };
		846CE0092060982600EF5BCD /* View+MASAdditions.m in Sources */ = {isa = PBXBuildFile; fileRef = 846CDFF52060982600EF5BCD /* View+MASAdditions.m */; };
		846CE00A2060982600EF5BCD /* View+MASAdditions.m in Sources */ = {isa = PBXBuildFile; fileRef = 846CDFF52060982600EF5BCD /* View+MASAdditions.m */; };
		846CE00B2060982600EF5BCD /* ViewController+MASAdditions.m in Sources */ = {isa = PBXBuildFile; fileRef = 846CDFF82060982600EF5BCD /* ViewController+MASAdditions.m */; };
		846CE00C2060982600EF5BCD /* ViewController+MASAdditions.m in Sources */ = {isa = PBXBuildFile; fileRef = 846CDFF82060982600EF5BCD /* ViewController+MASAdditions.m */; };
		846CE00F2060D2C100EF5BCD /* XZTextAttachment.m in Sources */ = {isa = PBXBuildFile; fileRef = 846CE00E2060D2C100EF5BCD /* XZTextAttachment.m */; };
		846CE0102060D2C100EF5BCD /* XZTextAttachment.m in Sources */ = {isa = PBXBuildFile; fileRef = 846CE00E2060D2C100EF5BCD /* XZTextAttachment.m */; };
/* End PBXBuildFile section */

/* Begin PBXContainerItemProxy section */
		846CDFC220608FBB00EF5BCD /* PBXContainerItemProxy */ = {
			isa = PBXContainerItemProxy;
			containerPortal = 846CDFA120608FBB00EF5BCD /* Project object */;
			proxyType = 1;
			remoteGlobalIDString = 846CDFA820608FBB00EF5BCD;
			remoteInfo = XZTextView;
		};
/* End PBXContainerItemProxy section */

/* Begin PBXFileReference section */
		846CDFA920608FBB00EF5BCD /* XZTextView.app */ = {isa = PBXFileReference; explicitFileType = wrapper.application; includeInIndex = 0; path = XZTextView.app; sourceTree = BUILT_PRODUCTS_DIR; };
		846CDFAC20608FBB00EF5BCD /* AppDelegate.h */ = {isa = PBXFileReference; lastKnownFileType = sourcecode.c.h; path = AppDelegate.h; sourceTree = "<group>"; };
		846CDFAD20608FBB00EF5BCD /* AppDelegate.m */ = {isa = PBXFileReference; lastKnownFileType = sourcecode.c.objc; path = AppDelegate.m; sourceTree = "<group>"; };
		846CDFAF20608FBB00EF5BCD /* ViewController.h */ = {isa = PBXFileReference; lastKnownFileType = sourcecode.c.h; path = ViewController.h; sourceTree = "<group>"; };
		846CDFB020608FBB00EF5BCD /* ViewController.m */ = {isa = PBXFileReference; lastKnownFileType = sourcecode.c.objc; path = ViewController.m; sourceTree = "<group>"; };
		846CDFB320608FBB00EF5BCD /* Base */ = {isa = PBXFileReference; lastKnownFileType = file.storyboard; name = Base; path = Base.lproj/Main.storyboard; sourceTree = "<group>"; };
		846CDFB520608FBB00EF5BCD /* Assets.xcassets */ = {isa = PBXFileReference; lastKnownFileType = folder.assetcatalog; path = Assets.xcassets; sourceTree = "<group>"; };
		846CDFB820608FBB00EF5BCD /* Base */ = {isa = PBXFileReference; lastKnownFileType = file.storyboard; name = Base; path = Base.lproj/LaunchScreen.storyboard; sourceTree = "<group>"; };
		846CDFBA20608FBB00EF5BCD /* Info.plist */ = {isa = PBXFileReference; lastKnownFileType = text.plist.xml; path = Info.plist; sourceTree = "<group>"; };
		846CDFBB20608FBB00EF5BCD /* main.m */ = {isa = PBXFileReference; lastKnownFileType = sourcecode.c.objc; path = main.m; sourceTree = "<group>"; };
		846CDFC120608FBB00EF5BCD /* XZTextViewTests.xctest */ = {isa = PBXFileReference; explicitFileType = wrapper.cfbundle; includeInIndex = 0; path = XZTextViewTests.xctest; sourceTree = BUILT_PRODUCTS_DIR; };
		846CDFC520608FBB00EF5BCD /* XZTextViewTests.m */ = {isa = PBXFileReference; lastKnownFileType = sourcecode.c.objc; path = XZTextViewTests.m; sourceTree = "<group>"; };
		846CDFC720608FBB00EF5BCD /* Info.plist */ = {isa = PBXFileReference; lastKnownFileType = text.plist.xml; path = Info.plist; sourceTree = "<group>"; };
		846CDFD02060906100EF5BCD /* XZEditTemplateItem.m */ = {isa = PBXFileReference; fileEncoding = 4; lastKnownFileType = sourcecode.c.objc; path = XZEditTemplateItem.m; sourceTree = "<group>"; };
		846CDFD12060906100EF5BCD /* XZEditTemplateItem.h */ = {isa = PBXFileReference; fileEncoding = 4; lastKnownFileType = sourcecode.c.h; path = XZEditTemplateItem.h; sourceTree = "<group>"; };
		846CDFD42060906C00EF5BCD /* XZEditTemplateModel.h */ = {isa = PBXFileReference; fileEncoding = 4; lastKnownFileType = sourcecode.c.h; path = XZEditTemplateModel.h; sourceTree = "<group>"; };
		846CDFD52060906C00EF5BCD /* XZEditTemplateModel.m */ = {isa = PBXFileReference; fileEncoding = 4; lastKnownFileType = sourcecode.c.objc; path = XZEditTemplateModel.m; sourceTree = "<group>"; };
		846CDFD82060908A00EF5BCD /* NSMutableAttributedString+XZExtension.m */ = {isa = PBXFileReference; fileEncoding = 4; lastKnownFileType = sourcecode.c.objc; path = "NSMutableAttributedString+XZExtension.m"; sourceTree = "<group>"; };
		846CDFD92060908A00EF5BCD /* NSMutableAttributedString+XZExtension.h */ = {isa = PBXFileReference; fileEncoding = 4; lastKnownFileType = sourcecode.c.h; path = "NSMutableAttributedString+XZExtension.h"; sourceTree = "<group>"; };
		846CDFDD2060970E00EF5BCD /* UIKit.framework */ = {isa = PBXFileReference; lastKnownFileType = wrapper.framework; name = UIKit.framework; path = System/Library/Frameworks/UIKit.framework; sourceTree = SDKROOT; };
		846CDFE02060982600EF5BCD /* MASCompositeConstraint.h */ = {isa = PBXFileReference; fileEncoding = 4; lastKnownFileType = sourcecode.c.h; path = MASCompositeConstraint.h; sourceTree = "<group>"; };
		846CDFE12060982600EF5BCD /* MASCompositeConstraint.m */ = {isa = PBXFileReference; fileEncoding = 4; lastKnownFileType = sourcecode.c.objc; path = MASCompositeConstraint.m; sourceTree = "<group>"; };
		846CDFE22060982600EF5BCD /* MASConstraint+Private.h */ = {isa = PBXFileReference; fileEncoding = 4; lastKnownFileType = sourcecode.c.h; path = "MASConstraint+Private.h"; sourceTree = "<group>"; };
		846CDFE32060982600EF5BCD /* MASConstraint.h */ = {isa = PBXFileReference; fileEncoding = 4; lastKnownFileType = sourcecode.c.h; path = MASConstraint.h; sourceTree = "<group>"; };
		846CDFE42060982600EF5BCD /* MASConstraint.m */ = {isa = PBXFileReference; fileEncoding = 4; lastKnownFileType = sourcecode.c.objc; path = MASConstraint.m; sourceTree = "<group>"; };
		846CDFE52060982600EF5BCD /* MASConstraintMaker.h */ = {isa = PBXFileReference; fileEncoding = 4; lastKnownFileType = sourcecode.c.h; path = MASConstraintMaker.h; sourceTree = "<group>"; };
		846CDFE62060982600EF5BCD /* MASConstraintMaker.m */ = {isa = PBXFileReference; fileEncoding = 4; lastKnownFileType = sourcecode.c.objc; path = MASConstraintMaker.m; sourceTree = "<group>"; };
		846CDFE72060982600EF5BCD /* MASLayoutConstraint.h */ = {isa = PBXFileReference; fileEncoding = 4; lastKnownFileType = sourcecode.c.h; path = MASLayoutConstraint.h; sourceTree = "<group>"; };
		846CDFE82060982600EF5BCD /* MASLayoutConstraint.m */ = {isa = PBXFileReference; fileEncoding = 4; lastKnownFileType = sourcecode.c.objc; path = MASLayoutConstraint.m; sourceTree = "<group>"; };
		846CDFE92060982600EF5BCD /* Masonry.h */ = {isa = PBXFileReference; fileEncoding = 4; lastKnownFileType = sourcecode.c.h; path = Masonry.h; sourceTree = "<group>"; };
		846CDFEA2060982600EF5BCD /* MASUtilities.h */ = {isa = PBXFileReference; fileEncoding = 4; lastKnownFileType = sourcecode.c.h; path = MASUtilities.h; sourceTree = "<group>"; };
		846CDFEB2060982600EF5BCD /* MASViewAttribute.h */ = {isa = PBXFileReference; fileEncoding = 4; lastKnownFileType = sourcecode.c.h; path = MASViewAttribute.h; sourceTree = "<group>"; };
		846CDFEC2060982600EF5BCD /* MASViewAttribute.m */ = {isa = PBXFileReference; fileEncoding = 4; lastKnownFileType = sourcecode.c.objc; path = MASViewAttribute.m; sourceTree = "<group>"; };
		846CDFED2060982600EF5BCD /* MASViewConstraint.h */ = {isa = PBXFileReference; fileEncoding = 4; lastKnownFileType = sourcecode.c.h; path = MASViewConstraint.h; sourceTree = "<group>"; };
		846CDFEE2060982600EF5BCD /* MASViewConstraint.m */ = {isa = PBXFileReference; fileEncoding = 4; lastKnownFileType = sourcecode.c.objc; path = MASViewConstraint.m; sourceTree = "<group>"; };
		846CDFEF2060982600EF5BCD /* NSArray+MASAdditions.h */ = {isa = PBXFileReference; fileEncoding = 4; lastKnownFileType = sourcecode.c.h; path = "NSArray+MASAdditions.h"; sourceTree = "<group>"; };
		846CDFF02060982600EF5BCD /* NSArray+MASAdditions.m */ = {isa = PBXFileReference; fileEncoding = 4; lastKnownFileType = sourcecode.c.objc; path = "NSArray+MASAdditions.m"; sourceTree = "<group>"; };
		846CDFF12060982600EF5BCD /* NSArray+MASShorthandAdditions.h */ = {isa = PBXFileReference; fileEncoding = 4; lastKnownFileType = sourcecode.c.h; path = "NSArray+MASShorthandAdditions.h"; sourceTree = "<group>"; };
		846CDFF22060982600EF5BCD /* NSLayoutConstraint+MASDebugAdditions.h */ = {isa = PBXFileReference; fileEncoding = 4; lastKnownFileType = sourcecode.c.h; path = "NSLayoutConstraint+MASDebugAdditions.h"; sourceTree = "<group>"; };
		846CDFF32060982600EF5BCD /* NSLayoutConstraint+MASDebugAdditions.m */ = {isa = PBXFileReference; fileEncoding = 4; lastKnownFileType = sourcecode.c.objc; path = "NSLayoutConstraint+MASDebugAdditions.m"; sourceTree = "<group>"; };
		846CDFF42060982600EF5BCD /* View+MASAdditions.h */ = {isa = PBXFileReference; fileEncoding = 4; lastKnownFileType = sourcecode.c.h; path = "View+MASAdditions.h"; sourceTree = "<group>"; };
		846CDFF52060982600EF5BCD /* View+MASAdditions.m */ = {isa = PBXFileReference; fileEncoding = 4; lastKnownFileType = sourcecode.c.objc; path = "View+MASAdditions.m"; sourceTree = "<group>"; };
		846CDFF62060982600EF5BCD /* View+MASShorthandAdditions.h */ = {isa = PBXFileReference; fileEncoding = 4; lastKnownFileType = sourcecode.c.h; path = "View+MASShorthandAdditions.h"; sourceTree = "<group>"; };
		846CDFF72060982600EF5BCD /* ViewController+MASAdditions.h */ = {isa = PBXFileReference; fileEncoding = 4; lastKnownFileType = sourcecode.c.h; path = "ViewController+MASAdditions.h"; sourceTree = "<group>"; };
		846CDFF82060982600EF5BCD /* ViewController+MASAdditions.m */ = {isa = PBXFileReference; fileEncoding = 4; lastKnownFileType = sourcecode.c.objc; path = "ViewController+MASAdditions.m"; sourceTree = "<group>"; };
		846CE00D2060D2C100EF5BCD /* XZTextAttachment.h */ = {isa = PBXFileReference; lastKnownFileType = sourcecode.c.h; path = XZTextAttachment.h; sourceTree = "<group>"; };
		846CE00E2060D2C100EF5BCD /* XZTextAttachment.m */ = {isa = PBXFileReference; lastKnownFileType = sourcecode.c.objc; path = XZTextAttachment.m; sourceTree = "<group>"; };
/* End PBXFileReference section */

/* Begin PBXFrameworksBuildPhase section */
		846CDFA620608FBB00EF5BCD /* Frameworks */ = {
			isa = PBXFrameworksBuildPhase;
			buildActionMask = 2147483647;
			files = (
				846CDFDE2060970E00EF5BCD /* UIKit.framework in Frameworks */,
			);
			runOnlyForDeploymentPostprocessing = 0;
		};
		846CDFBE20608FBB00EF5BCD /* Frameworks */ = {
			isa = PBXFrameworksBuildPhase;
			buildActionMask = 2147483647;
			files = (
			);
			runOnlyForDeploymentPostprocessing = 0;
		};
/* End PBXFrameworksBuildPhase section */

/* Begin PBXGroup section */
		846CDFA020608FBB00EF5BCD = {
			isa = PBXGroup;
			children = (
				846CDFAB20608FBB00EF5BCD /* XZTextView */,
				846CDFC420608FBB00EF5BCD /* XZTextViewTests */,
				846CDFAA20608FBB00EF5BCD /* Products */,
				846CDFDC2060970E00EF5BCD /* Frameworks */,
			);
			sourceTree = "<group>";
		};
		846CDFAA20608FBB00EF5BCD /* Products */ = {
			isa = PBXGroup;
			children = (
				846CDFA920608FBB00EF5BCD /* XZTextView.app */,
				846CDFC120608FBB00EF5BCD /* XZTextViewTests.xctest */,
			);
			name = Products;
			sourceTree = "<group>";
		};
		846CDFAB20608FBB00EF5BCD /* XZTextView */ = {
			isa = PBXGroup;
			children = (
				846CDFAC20608FBB00EF5BCD /* AppDelegate.h */,
				846CDFAD20608FBB00EF5BCD /* AppDelegate.m */,
				846CDFAF20608FBB00EF5BCD /* ViewController.h */,
				846CDFB020608FBB00EF5BCD /* ViewController.m */,
				846CE00D2060D2C100EF5BCD /* XZTextAttachment.h */,
				846CE00E2060D2C100EF5BCD /* XZTextAttachment.m */,
				846CDFD42060906C00EF5BCD /* XZEditTemplateModel.h */,
				846CDFD52060906C00EF5BCD /* XZEditTemplateModel.m */,
				846CDFD12060906100EF5BCD /* XZEditTemplateItem.h */,
				846CDFD02060906100EF5BCD /* XZEditTemplateItem.m */,
				846CDFD92060908A00EF5BCD /* NSMutableAttributedString+XZExtension.h */,
				846CDFD82060908A00EF5BCD /* NSMutableAttributedString+XZExtension.m */,
				846CDFDF2060982600EF5BCD /* Masonry */,
				846CDFB220608FBB00EF5BCD /* Main.storyboard */,
				846CDFB520608FBB00EF5BCD /* Assets.xcassets */,
				846CDFB720608FBB00EF5BCD /* LaunchScreen.storyboard */,
				846CDFBA20608FBB00EF5BCD /* Info.plist */,
				846CDFBB20608FBB00EF5BCD /* main.m */,
			);
			path = XZTextView;
			sourceTree = "<group>";
		};
		846CDFC420608FBB00EF5BCD /* XZTextViewTests */ = {
			isa = PBXGroup;
			children = (
				846CDFC520608FBB00EF5BCD /* XZTextViewTests.m */,
				846CDFC720608FBB00EF5BCD /* Info.plist */,
			);
			path = XZTextViewTests;
			sourceTree = "<group>";
		};
		846CDFDC2060970E00EF5BCD /* Frameworks */ = {
			isa = PBXGroup;
			children = (
				846CDFDD2060970E00EF5BCD /* UIKit.framework */,
			);
			name = Frameworks;
			sourceTree = "<group>";
		};
		846CDFDF2060982600EF5BCD /* Masonry */ = {
			isa = PBXGroup;
			children = (
				846CDFE02060982600EF5BCD /* MASCompositeConstraint.h */,
				846CDFE12060982600EF5BCD /* MASCompositeConstraint.m */,
				846CDFE22060982600EF5BCD /* MASConstraint+Private.h */,
				846CDFE32060982600EF5BCD /* MASConstraint.h */,
				846CDFE42060982600EF5BCD /* MASConstraint.m */,
				846CDFE52060982600EF5BCD /* MASConstraintMaker.h */,
				846CDFE62060982600EF5BCD /* MASConstraintMaker.m */,
				846CDFE72060982600EF5BCD /* MASLayoutConstraint.h */,
				846CDFE82060982600EF5BCD /* MASLayoutConstraint.m */,
				846CDFE92060982600EF5BCD /* Masonry.h */,
				846CDFEA2060982600EF5BCD /* MASUtilities.h */,
				846CDFEB2060982600EF5BCD /* MASViewAttribute.h */,
				846CDFEC2060982600EF5BCD /* MASViewAttribute.m */,
				846CDFED2060982600EF5BCD /* MASViewConstraint.h */,
				846CDFEE2060982600EF5BCD /* MASViewConstraint.m */,
				846CDFEF2060982600EF5BCD /* NSArray+MASAdditions.h */,
				846CDFF02060982600EF5BCD /* NSArray+MASAdditions.m */,
				846CDFF12060982600EF5BCD /* NSArray+MASShorthandAdditions.h */,
				846CDFF22060982600EF5BCD /* NSLayoutConstraint+MASDebugAdditions.h */,
				846CDFF32060982600EF5BCD /* NSLayoutConstraint+MASDebugAdditions.m */,
				846CDFF42060982600EF5BCD /* View+MASAdditions.h */,
				846CDFF52060982600EF5BCD /* View+MASAdditions.m */,
				846CDFF62060982600EF5BCD /* View+MASShorthandAdditions.h */,
				846CDFF72060982600EF5BCD /* ViewController+MASAdditions.h */,
				846CDFF82060982600EF5BCD /* ViewController+MASAdditions.m */,
			);
			path = Masonry;
			sourceTree = "<group>";
		};
/* End PBXGroup section */

/* Begin PBXNativeTarget section */
		846CDFA820608FBB00EF5BCD /* XZTextView */ = {
			isa = PBXNativeTarget;
			buildConfigurationList = 846CDFCA20608FBB00EF5BCD /* Build configuration list for PBXNativeTarget "XZTextView" */;
			buildPhases = (
				846CDFA520608FBB00EF5BCD /* Sources */,
				846CDFA620608FBB00EF5BCD /* Frameworks */,
				846CDFA720608FBB00EF5BCD /* Resources */,
			);
			buildRules = (
			);
			dependencies = (
			);
			name = XZTextView;
			productName = XZTextView;
			productReference = 846CDFA920608FBB00EF5BCD /* XZTextView.app */;
			productType = "com.apple.product-type.application";
		};
		846CDFC020608FBB00EF5BCD /* XZTextViewTests */ = {
			isa = PBXNativeTarget;
			buildConfigurationList = 846CDFCD20608FBB00EF5BCD /* Build configuration list for PBXNativeTarget "XZTextViewTests" */;
			buildPhases = (
				846CDFBD20608FBB00EF5BCD /* Sources */,
				846CDFBE20608FBB00EF5BCD /* Frameworks */,
				846CDFBF20608FBB00EF5BCD /* Resources */,
			);
			buildRules = (
			);
			dependencies = (
				846CDFC320608FBB00EF5BCD /* PBXTargetDependency */,
			);
			name = XZTextViewTests;
			productName = XZTextViewTests;
			productReference = 846CDFC120608FBB00EF5BCD /* XZTextViewTests.xctest */;
			productType = "com.apple.product-type.bundle.unit-test";
		};
/* End PBXNativeTarget section */

/* Begin PBXProject section */
		846CDFA120608FBB00EF5BCD /* Project object */ = {
			isa = PBXProject;
			attributes = {
				LastUpgradeCheck = 0920;
				ORGANIZATIONNAME = XZ;
				TargetAttributes = {
					846CDFA820608FBB00EF5BCD = {
						CreatedOnToolsVersion = 9.2;
						ProvisioningStyle = Automatic;
					};
					846CDFC020608FBB00EF5BCD = {
						CreatedOnToolsVersion = 9.2;
						ProvisioningStyle = Automatic;
						TestTargetID = 846CDFA820608FBB00EF5BCD;
					};
				};
			};
			buildConfigurationList = 846CDFA420608FBB00EF5BCD /* Build configuration list for PBXProject "XZTextView" */;
			compatibilityVersion = "Xcode 8.0";
			developmentRegion = en;
			hasScannedForEncodings = 0;
			knownRegions = (
				en,
				Base,
			);
			mainGroup = 846CDFA020608FBB00EF5BCD;
			productRefGroup = 846CDFAA20608FBB00EF5BCD /* Products */;
			projectDirPath = "";
			projectRoot = "";
			targets = (
				846CDFA820608FBB00EF5BCD /* XZTextView */,
				846CDFC020608FBB00EF5BCD /* XZTextViewTests */,
			);
		};
/* End PBXProject section */

/* Begin PBXResourcesBuildPhase section */
		846CDFA720608FBB00EF5BCD /* Resources */ = {
			isa = PBXResourcesBuildPhase;
			buildActionMask = 2147483647;
			files = (
				846CDFB920608FBB00EF5BCD /* LaunchScreen.storyboard in Resources */,
				846CDFB620608FBB00EF5BCD /* Assets.xcassets in Resources */,
				846CDFB420608FBB00EF5BCD /* Main.storyboard in Resources */,
			);
			runOnlyForDeploymentPostprocessing = 0;
		};
		846CDFBF20608FBB00EF5BCD /* Resources */ = {
			isa = PBXResourcesBuildPhase;
			buildActionMask = 2147483647;
			files = (
			);
			runOnlyForDeploymentPostprocessing = 0;
		};
/* End PBXResourcesBuildPhase section */

/* Begin PBXSourcesBuildPhase section */
		846CDFA520608FBB00EF5BCD /* Sources */ = {
			isa = PBXSourcesBuildPhase;
			buildActionMask = 2147483647;
			files = (
				846CDFFB2060982600EF5BCD /* MASConstraint.m in Sources */,
				846CE0012060982600EF5BCD /* MASViewAttribute.m in Sources */,
				846CE00B2060982600EF5BCD /* ViewController+MASAdditions.m in Sources */,
				846CE0052060982600EF5BCD /* NSArray+MASAdditions.m in Sources */,
				846CDFB120608FBB00EF5BCD /* ViewController.m in Sources */,
				846CE0032060982600EF5BCD /* MASViewConstraint.m in Sources */,
				846CE00F2060D2C100EF5BCD /* XZTextAttachment.m in Sources */,
				846CDFFF2060982600EF5BCD /* MASLayoutConstraint.m in Sources */,
				846CDFBC20608FBB00EF5BCD /* main.m in Sources */,
				846CDFD62060906C00EF5BCD /* XZEditTemplateModel.m in Sources */,
				846CE0092060982600EF5BCD /* View+MASAdditions.m in Sources */,
				846CDFF92060982600EF5BCD /* MASCompositeConstraint.m in Sources */,
				846CE0072060982600EF5BCD /* NSLayoutConstraint+MASDebugAdditions.m in Sources */,
				846CDFFD2060982600EF5BCD /* MASConstraintMaker.m in Sources */,
				846CDFD22060906100EF5BCD /* XZEditTemplateItem.m in Sources */,
				846CDFDA2060908A00EF5BCD /* NSMutableAttributedString+XZExtension.m in Sources */,
				846CDFAE20608FBB00EF5BCD /* AppDelegate.m in Sources */,
			);
			runOnlyForDeploymentPostprocessing = 0;
		};
		846CDFBD20608FBB00EF5BCD /* Sources */ = {
			isa = PBXSourcesBuildPhase;
			buildActionMask = 2147483647;
			files = (
				846CDFFE2060982600EF5BCD /* MASConstraintMaker.m in Sources */,
				846CDFD32060906100EF5BCD /* XZEditTemplateItem.m in Sources */,
				846CDFC620608FBB00EF5BCD /* XZTextViewTests.m in Sources */,
				846CDFFC2060982600EF5BCD /* MASConstraint.m in Sources */,
				846CE00C2060982600EF5BCD /* ViewController+MASAdditions.m in Sources */,
				846CE0002060982600EF5BCD /* MASLayoutConstraint.m in Sources */,
				846CE0062060982600EF5BCD /* NSArray+MASAdditions.m in Sources */,
				846CE0042060982600EF5BCD /* MASViewConstraint.m in Sources */,
				846CE0022060982600EF5BCD /* MASViewAttribute.m in Sources */,
				846CE0102060D2C100EF5BCD /* XZTextAttachment.m in Sources */,
				846CE00A2060982600EF5BCD /* View+MASAdditions.m in Sources */,
				846CDFDB2060908A00EF5BCD /* NSMutableAttributedString+XZExtension.m in Sources */,
				846CDFD72060906C00EF5BCD /* XZEditTemplateModel.m in Sources */,
				846CDFFA2060982600EF5BCD /* MASCompositeConstraint.m in Sources */,
				846CE0082060982600EF5BCD /* NSLayoutConstraint+MASDebugAdditions.m in Sources */,
			);
			runOnlyForDeploymentPostprocessing = 0;
		};
/* End PBXSourcesBuildPhase section */

/* Begin PBXTargetDependency section */
		846CDFC320608FBB00EF5BCD /* PBXTargetDependency */ = {
			isa = PBXTargetDependency;
			target = 846CDFA820608FBB00EF5BCD /* XZTextView */;
			targetProxy = 846CDFC220608FBB00EF5BCD /* PBXContainerItemProxy */;
		};
/* End PBXTargetDependency section */

/* Begin PBXVariantGroup section */
		846CDFB220608FBB00EF5BCD /* Main.storyboard */ = {
			isa = PBXVariantGroup;
			children = (
				846CDFB320608FBB00EF5BCD /* Base */,
			);
			name = Main.storyboard;
			sourceTree = "<group>";
		};
		846CDFB720608FBB00EF5BCD /* LaunchScreen.storyboard */ = {
			isa = PBXVariantGroup;
			children = (
				846CDFB820608FBB00EF5BCD /* Base */,
			);
			name = LaunchScreen.storyboard;
			sourceTree = "<group>";
		};
/* End PBXVariantGroup section */

/* Begin XCBuildConfiguration section */
		846CDFC820608FBB00EF5BCD /* Debug */ = {
			isa = XCBuildConfiguration;
			buildSettings = {
				ALWAYS_SEARCH_USER_PATHS = NO;
				CLANG_ANALYZER_NONNULL = YES;
				CLANG_ANALYZER_NUMBER_OBJECT_CONVERSION = YES_AGGRESSIVE;
				CLANG_CXX_LANGUAGE_STANDARD = "gnu++14";
				CLANG_CXX_LIBRARY = "libc++";
				CLANG_ENABLE_MODULES = YES;
				CLANG_ENABLE_OBJC_ARC = YES;
				CLANG_WARN_BLOCK_CAPTURE_AUTORELEASING = YES;
				CLANG_WARN_BOOL_CONVERSION = YES;
				CLANG_WARN_COMMA = YES;
				CLANG_WARN_CONSTANT_CONVERSION = YES;
				CLANG_WARN_DIRECT_OBJC_ISA_USAGE = YES_ERROR;
				CLANG_WARN_DOCUMENTATION_COMMENTS = YES;
				CLANG_WARN_EMPTY_BODY = YES;
				CLANG_WARN_ENUM_CONVERSION = YES;
				CLANG_WARN_INFINITE_RECURSION = YES;
				CLANG_WARN_INT_CONVERSION = YES;
				CLANG_WARN_NON_LITERAL_NULL_CONVERSION = YES;
				CLANG_WARN_OBJC_LITERAL_CONVERSION = YES;
				CLANG_WARN_OBJC_ROOT_CLASS = YES_ERROR;
				CLANG_WARN_RANGE_LOOP_ANALYSIS = YES;
				CLANG_WARN_STRICT_PROTOTYPES = YES;
				CLANG_WARN_SUSPICIOUS_MOVE = YES;
				CLANG_WARN_UNGUARDED_AVAILABILITY = YES_AGGRESSIVE;
				CLANG_WARN_UNREACHABLE_CODE = YES;
				CLANG_WARN__DUPLICATE_METHOD_MATCH = YES;
				CODE_SIGN_IDENTITY = "iPhone Developer";
				COPY_PHASE_STRIP = NO;
				DEBUG_INFORMATION_FORMAT = dwarf;
				ENABLE_STRICT_OBJC_MSGSEND = YES;
				ENABLE_TESTABILITY = YES;
				GCC_C_LANGUAGE_STANDARD = gnu11;
				GCC_DYNAMIC_NO_PIC = NO;
				GCC_NO_COMMON_BLOCKS = YES;
				GCC_OPTIMIZATION_LEVEL = 0;
				GCC_PREPROCESSOR_DEFINITIONS = (
					"DEBUG=1",
					"$(inherited)",
				);
				GCC_WARN_64_TO_32_BIT_CONVERSION = YES;
				GCC_WARN_ABOUT_RETURN_TYPE = YES_ERROR;
				GCC_WARN_UNDECLARED_SELECTOR = YES;
				GCC_WARN_UNINITIALIZED_AUTOS = YES_AGGRESSIVE;
				GCC_WARN_UNUSED_FUNCTION = YES;
				GCC_WARN_UNUSED_VARIABLE = YES;
				IPHONEOS_DEPLOYMENT_TARGET = 11.2;
				MTL_ENABLE_DEBUG_INFO = YES;
				ONLY_ACTIVE_ARCH = YES;
				SDKROOT = iphoneos;
			};
			name = Debug;
		};
		846CDFC920608FBB00EF5BCD /* Release */ = {
			isa = XCBuildConfiguration;
			buildSettings = {
				ALWAYS_SEARCH_USER_PATHS = NO;
				CLANG_ANALYZER_NONNULL = YES;
				CLANG_ANALYZER_NUMBER_OBJECT_CONVERSION = YES_AGGRESSIVE;
				CLANG_CXX_LANGUAGE_STANDARD = "gnu++14";
				CLANG_CXX_LIBRARY = "libc++";
				CLANG_ENABLE_MODULES = YES;
				CLANG_ENABLE_OBJC_ARC = YES;
				CLANG_WARN_BLOCK_CAPTURE_AUTORELEASING = YES;
				CLANG_WARN_BOOL_CONVERSION = YES;
				CLANG_WARN_COMMA = YES;
				CLANG_WARN_CONSTANT_CONVERSION = YES;
				CLANG_WARN_DIRECT_OBJC_ISA_USAGE = YES_ERROR;
				CLANG_WARN_DOCUMENTATION_COMMENTS = YES;
				CLANG_WARN_EMPTY_BODY = YES;
				CLANG_WARN_ENUM_CONVERSION = YES;
				CLANG_WARN_INFINITE_RECURSION = YES;
				CLANG_WARN_INT_CONVERSION = YES;
				CLANG_WARN_NON_LITERAL_NULL_CONVERSION = YES;
				CLANG_WARN_OBJC_LITERAL_CONVERSION = YES;
				CLANG_WARN_OBJC_ROOT_CLASS = YES_ERROR;
				CLANG_WARN_RANGE_LOOP_ANALYSIS = YES;
				CLANG_WARN_STRICT_PROTOTYPES = YES;
				CLANG_WARN_SUSPICIOUS_MOVE = YES;
				CLANG_WARN_UNGUARDED_AVAILABILITY = YES_AGGRESSIVE;
				CLANG_WARN_UNREACHABLE_CODE = YES;
				CLANG_WARN__DUPLICATE_METHOD_MATCH = YES;
				CODE_SIGN_IDENTITY = "iPhone Developer";
				COPY_PHASE_STRIP = NO;
				DEBUG_INFORMATION_FORMAT = "dwarf-with-dsym";
				ENABLE_NS_ASSERTIONS = NO;
				ENABLE_STRICT_OBJC_MSGSEND = YES;
				GCC_C_LANGUAGE_STANDARD = gnu11;
				GCC_NO_COMMON_BLOCKS = YES;
				GCC_WARN_64_TO_32_BIT_CONVERSION = YES;
				GCC_WARN_ABOUT_RETURN_TYPE = YES_ERROR;
				GCC_WARN_UNDECLARED_SELECTOR = YES;
				GCC_WARN_UNINITIALIZED_AUTOS = YES_AGGRESSIVE;
				GCC_WARN_UNUSED_FUNCTION = YES;
				GCC_WARN_UNUSED_VARIABLE = YES;
				IPHONEOS_DEPLOYMENT_TARGET = 11.2;
				MTL_ENABLE_DEBUG_INFO = NO;
				SDKROOT = iphoneos;
				VALIDATE_PRODUCT = YES;
			};
			name = Release;
		};
		846CDFCB20608FBB00EF5BCD /* Debug */ = {
			isa = XCBuildConfiguration;
			buildSettings = {
				ASSETCATALOG_COMPILER_APPICON_NAME = AppIcon;
				CODE_SIGN_STYLE = Automatic;
				DEVELOPMENT_TEAM = JM8C4U4YF7;
				INFOPLIST_FILE = XZTextView/Info.plist;
				LD_RUNPATH_SEARCH_PATHS = "$(inherited) @executable_path/Frameworks";
				PRODUCT_BUNDLE_IDENTIFIER = com.XZ.XZTextView;
				PRODUCT_NAME = "$(TARGET_NAME)";
				TARGETED_DEVICE_FAMILY = "1,2";
			};
			name = Debug;
		};
		846CDFCC20608FBB00EF5BCD /* Release */ = {
			isa = XCBuildConfiguration;
			buildSettings = {
				ASSETCATALOG_COMPILER_APPICON_NAME = AppIcon;
				CODE_SIGN_STYLE = Automatic;
				DEVELOPMENT_TEAM = JM8C4U4YF7;
				INFOPLIST_FILE = XZTextView/Info.plist;
				LD_RUNPATH_SEARCH_PATHS = "$(inherited) @executable_path/Frameworks";
				PRODUCT_BUNDLE_IDENTIFIER = com.XZ.XZTextView;
				PRODUCT_NAME = "$(TARGET_NAME)";
				TARGETED_DEVICE_FAMILY = "1,2";
			};
			name = Release;
		};
		846CDFCE20608FBB00EF5BCD /* Debug */ = {
			isa = XCBuildConfiguration;
			buildSettings = {
				BUNDLE_LOADER = "$(TEST_HOST)";
				CODE_SIGN_STYLE = Automatic;
				DEVELOPMENT_TEAM = JM8C4U4YF7;
				INFOPLIST_FILE = XZTextViewTests/Info.plist;
				LD_RUNPATH_SEARCH_PATHS = "$(inherited) @executable_path/Frameworks @loader_path/Frameworks";
				PRODUCT_BUNDLE_IDENTIFIER = com.XZ.XZTextViewTests;
				PRODUCT_NAME = "$(TARGET_NAME)";
				TARGETED_DEVICE_FAMILY = "1,2";
				TEST_HOST = "$(BUILT_PRODUCTS_DIR)/XZTextView.app/XZTextView";
			};
			name = Debug;
		};
		846CDFCF20608FBB00EF5BCD /* Release */ = {
			isa = XCBuildConfiguration;
			buildSettings = {
				BUNDLE_LOADER = "$(TEST_HOST)";
				CODE_SIGN_STYLE = Automatic;
				DEVELOPMENT_TEAM = JM8C4U4YF7;
				INFOPLIST_FILE = XZTextViewTests/Info.plist;
				LD_RUNPATH_SEARCH_PATHS = "$(inherited) @executable_path/Frameworks @loader_path/Frameworks";
				PRODUCT_BUNDLE_IDENTIFIER = com.XZ.XZTextViewTests;
				PRODUCT_NAME = "$(TARGET_NAME)";
				TARGETED_DEVICE_FAMILY = "1,2";
				TEST_HOST = "$(BUILT_PRODUCTS_DIR)/XZTextView.app/XZTextView";
			};
			name = Release;
		};
/* End XCBuildConfiguration section */

/* Begin XCConfigurationList section */
		846CDFA420608FBB00EF5BCD /* Build configuration list for PBXProject "XZTextView" */ = {
			isa = XCConfigurationList;
			buildConfigurations = (
				846CDFC820608FBB00EF5BCD /* Debug */,
				846CDFC920608FBB00EF5BCD /* Release */,
			);
			defaultConfigurationIsVisible = 0;
			defaultConfigurationName = Release;
		};
		846CDFCA20608FBB00EF5BCD /* Build configuration list for PBXNativeTarget "XZTextView" */ = {
			isa = XCConfigurationList;
			buildConfigurations = (
				846CDFCB20608FBB00EF5BCD /* Debug */,
				846CDFCC20608FBB00EF5BCD /* Release */,
			);
			defaultConfigurationIsVisible = 0;
			defaultConfigurationName = Release;
		};
		846CDFCD20608FBB00EF5BCD /* Build configuration list for PBXNativeTarget "XZTextViewTests" */ = {
			isa = XCConfigurationList;
			buildConfigurations = (
				846CDFCE20608FBB00EF5BCD /* Debug */,
				846CDFCF20608FBB00EF5BCD /* Release */,
			);
			defaultConfigurationIsVisible = 0;
			defaultConfigurationName = Release;
		};
/* End XCConfigurationList section */
	};
	rootObject = 846CDFA120608FBB00EF5BCD /* Project object */;
}
